// !$*UTF8*$!
{
	archiveVersion = 1;
	classes = {
	};
	objectVersion = 46;
	objects = {

/* Begin PBXBuildFile section */
		FFAE52A41D96306D007C9E11 /* main.m in Sources */ = {isa = PBXBuildFile; fileRef = FFAE52A31D96306D007C9E11 /* main.m */; };
		FFAE52A71D96306D007C9E11 /* AppDelegate.m in Sources */ = {isa = PBXBuildFile; fileRef = FFAE52A61D96306D007C9E11 /* AppDelegate.m */; };
		FFAE52AA1D96306D007C9E11 /* ViewController.m in Sources */ = {isa = PBXBuildFile; fileRef = FFAE52A91D96306D007C9E11 /* ViewController.m */; };
		FFAE52AD1D96306D007C9E11 /* Main.storyboard in Resources */ = {isa = PBXBuildFile; fileRef = FFAE52AB1D96306D007C9E11 /* Main.storyboard */; };
		FFAE52AF1D96306D007C9E11 /* Assets.xcassets in Resources */ = {isa = PBXBuildFile; fileRef = FFAE52AE1D96306D007C9E11 /* Assets.xcassets */; };
		FFAE52B21D96306D007C9E11 /* LaunchScreen.storyboard in Resources */ = {isa = PBXBuildFile; fileRef = FFAE52B01D96306D007C9E11 /* LaunchScreen.storyboard */; };
/* End PBXBuildFile section */

/* Begin PBXFileReference section */
		FFAE529F1D96306D007C9E11 /* MyCamera.app */ = {isa = PBXFileReference; explicitFileType = wrapper.application; includeInIndex = 0; path = MyCamera.app; sourceTree = BUILT_PRODUCTS_DIR; };
		FFAE52A31D96306D007C9E11 /* main.m */ = {isa = PBXFileReference; lastKnownFileType = sourcecode.c.objc; path = main.m; sourceTree = "<group>"; };
		FFAE52A51D96306D007C9E11 /* AppDelegate.h */ = {isa = PBXFileReference; lastKnownFileType = sourcecode.c.h; path = AppDelegate.h; sourceTree = "<group>"; };
		FFAE52A61D96306D007C9E11 /* AppDelegate.m */ = {isa = PBXFileReference; lastKnownFileType = sourcecode.c.objc; path = AppDelegate.m; sourceTree = "<group>"; };
		FFAE52A81D96306D007C9E11 /* ViewController.h */ = {isa = PBXFileReference; lastKnownFileType = sourcecode.c.h; path = ViewController.h; sourceTree = "<group>"; };
		FFAE52A91D96306D007C9E11 /* ViewController.m */ = {isa = PBXFileReference; lastKnownFileType = sourcecode.c.objc; path = ViewController.m; sourceTree = "<group>"; };
		FFAE52AC1D96306D007C9E11 /* Base */ = {isa = PBXFileReference; lastKnownFileType = file.storyboard; name = Base; path = Base.lproj/Main.storyboard; sourceTree = "<group>"; };
		FFAE52AE1D96306D007C9E11 /* Assets.xcassets */ = {isa = PBXFileReference; lastKnownFileType = folder.assetcatalog; path = Assets.xcassets; sourceTree = "<group>"; };
		FFAE52B11D96306D007C9E11 /* Base */ = {isa = PBXFileReference; lastKnownFileType = file.storyboard; name = Base; path = Base.lproj/LaunchScreen.storyboard; sourceTree = "<group>"; };
		FFAE52B31D96306D007C9E11 /* Info.plist */ = {isa = PBXFileReference; lastKnownFileType = text.plist.xml; path = Info.plist; sourceTree = "<group>"; };
/* End PBXFileReference section */

/* Begin PBXFrameworksBuildPhase section */
		FFAE529C1D96306D007C9E11 /* Frameworks */ = {
			isa = PBXFrameworksBuildPhase;
			buildActionMask = 2147483647;
			files = (
			);
			runOnlyForDeploymentPostprocessing = 0;
		};
/* End PBXFrameworksBuildPhase section */

/* Begin PBXGroup section */
		FFAE52961D96306D007C9E11 = {
			isa = PBXGroup;
			children = (
				FFAE52A11D96306D007C9E11 /* MyCamera */,
				FFAE52A01D96306D007C9E11 /* Products */,
			);
			sourceTree = "<group>";
		};
		FFAE52A01D96306D007C9E11 /* Products */ = {
			isa = PBXGroup;
			children = (
				FFAE529F1D96306D007C9E11 /* MyCamera.app */,
			);
			name = Products;
			sourceTree = "<group>";
		};
		FFAE52A11D96306D007C9E11 /* MyCamera */ = {
			isa = PBXGroup;
			children = (
				FFAE52A51D96306D007C9E11 /* AppDelegate.h */,
				FFAE52A61D96306D007C9E11 /* AppDelegate.m */,
				FFAE52A81D96306D007C9E11 /* ViewController.h */,
				FFAE52A91D96306D007C9E11 /* ViewController.m */,
				FFAE52AB1D96306D007C9E11 /* Main.storyboard */,
				FFAE52AE1D96306D007C9E11 /* Assets.xcassets */,
				FFAE52B01D96306D007C9E11 /* LaunchScreen.storyboard */,
				FFAE52B31D96306D007C9E11 /* Info.plist */,
				FFAE52A21D96306D007C9E11 /* Supporting Files */,
			);
			path = MyCamera;
			sourceTree = "<group>";
		};
		FFAE52A21D96306D007C9E11 /* Supporting Files */ = {
			isa = PBXGroup;
			children = (
				FFAE52A31D96306D007C9E11 /* main.m */,
			);
			name = "Supporting Files";
			sourceTree = "<group>";
		};
/* End PBXGroup section */

/* Begin PBXNativeTarget section */
		FFAE529E1D96306D007C9E11 /* MyCamera */ = {
			isa = PBXNativeTarget;
			buildConfigurationList = FFAE52B61D96306D007C9E11 /* Build configuration list for PBXNativeTarget "MyCamera" */;
			buildPhases = (
				FFAE529B1D96306D007C9E11 /* Sources */,
				FFAE529C1D96306D007C9E11 /* Frameworks */,
				FFAE529D1D96306D007C9E11 /* Resources */,
			);
			buildRules = (
			);
			dependencies = (
			);
			name = MyCamera;
			productName = MyCamera;
			productReference = FFAE529F1D96306D007C9E11 /* MyCamera.app */;
			productType = "com.apple.product-type.application";
		};
/* End PBXNativeTarget section */

/* Begin PBXProject section */
		FFAE52971D96306D007C9E11 /* Project object */ = {
			isa = PBXProject;
			attributes = {
				LastUpgradeCheck = 0730;
				ORGANIZATIONNAME = nicecoder.com;
				TargetAttributes = {
					FFAE529E1D96306D007C9E11 = {
						CreatedOnToolsVersion = 7.3;
					};
				};
			};
			buildConfigurationList = FFAE529A1D96306D007C9E11 /* Build configuration list for PBXProject "MyCamera" */;
			compatibilityVersion = "Xcode 3.2";
			developmentRegion = English;
			hasScannedForEncodings = 0;
			knownRegions = (
				en,
				Base,
			);
			mainGroup = FFAE52961D96306D007C9E11;
			productRefGroup = FFAE52A01D96306D007C9E11 /* Products */;
			projectDirPath = "";
			projectRoot = "";
			targets = (
				FFAE529E1D96306D007C9E11 /* MyCamera */,
			);
		};
/* End PBXProject section */

/* Begin PBXResourcesBuildPhase section */
		FFAE529D1D96306D007C9E11 /* Resources */ = {
			isa = PBXResourcesBuildPhase;
			buildActionMask = 2147483647;
			files = (
				FFAE52B21D96306D007C9E11 /* LaunchScreen.storyboard in Resources */,
				FFAE52AF1D96306D007C9E11 /* Assets.xcassets in Resources */,
				FFAE52AD1D96306D007C9E11 /* Main.storyboard in Resources */,
			);
			runOnlyForDeploymentPostprocessing = 0;
		};
/* End PBXResourcesBuildPhase section */

/* Begin PBXSourcesBuildPhase section */
		FFAE529B1D96306D007C9E11 /* Sources */ = {
			isa = PBXSourcesBuildPhase;
			buildActionMask = 2147483647;
			files = (
				FFAE52AA1D96306D007C9E11 /* ViewController.m in Sources */,
				FFAE52A71D96306D007C9E11 /* AppDelegate.m in Sources */,
				FFAE52A41D96306D007C9E11 /* main.m in Sources */,
			);
			runOnlyForDeploymentPostprocessing = 0;
		};
/* End PBXSourcesBuildPhase section */

/* Begin PBXVariantGroup section */
		FFAE52AB1D96306D007C9E11 /* Main.storyboard */ = {
			isa = PBXVariantGroup;
			children = (
				FFAE52AC1D96306D007C9E11 /* Base */,
			);
			name = Main.storyboard;
			sourceTree = "<group>";
		};
		FFAE52B01D96306D007C9E11 /* LaunchScreen.storyboard */ = {
			isa = PBXVariantGroup;
			children = (
				FFAE52B11D96306D007C9E11 /* Base */,
			);
			name = LaunchScreen.storyboard;
			sourceTree = "<group>";
		};
/* End PBXVariantGroup section */

/* Begin XCBuildConfiguration section */
		FFAE52B41D96306D007C9E11 /* Debug */ = {
			isa = XCBuildConfiguration;
			buildSettings = {
				ALWAYS_SEARCH_USER_PATHS = NO;
				CLANG_ANALYZER_NONNULL = YES;
				CLANG_CXX_LANGUAGE_STANDARD = "gnu++0x";
				CLANG_CXX_LIBRARY = "libc++";
				CLANG_ENABLE_MODULES = YES;
				CLANG_ENABLE_OBJC_ARC = YES;
				CLANG_WARN_BOOL_CONVERSION = YES;
				CLANG_WARN_CONSTANT_CONVERSION = YES;
				CLANG_WARN_DIRECT_OBJC_ISA_USAGE = YES_ERROR;
				CLANG_WARN_EMPTY_BODY = YES;
				CLANG_WARN_ENUM_CONVERSION = YES;
				CLANG_WARN_INT_CONVERSION = YES;
				CLANG_WARN_OBJC_ROOT_CLASS = YES_ERROR;
				CLANG_WARN_UNREACHABLE_CODE = YES;
				CLANG_WARN__DUPLICATE_METHOD_MATCH = YES;
				"CODE_SIGN_IDENTITY[sdk=iphoneos*]" = "iPhone Developer";
				COPY_PHASE_STRIP = NO;
				DEBUG_INFORMATION_FORMAT = dwarf;
				ENABLE_STRICT_OBJC_MSGSEND = YES;
				ENABLE_TESTABILITY = YES;
				GCC_C_LANGUAGE_STANDARD = gnu99;
				GCC_DYNAMIC_NO_PIC = NO;
				GCC_NO_COMMON_BLOCKS = YES;
				GCC_OPTIMIZATION_LEVEL = 0;
				GCC_PREPROCESSOR_DEFINITIONS = (
					"DEBUG=1",
					"$(inherited)",
				);
				GCC_WARN_64_TO_32_BIT_CONVERSION = YES;
				GCC_WARN_ABOUT_RETURN_TYPE = YES_ERROR;
				GCC_WARN_UNDECLARED_SELECTOR = YES;
				GCC_WARN_UNINITIALIZED_AUTOS = YES_AGGRESSIVE;
				GCC_WARN_UNUSED_FUNCTION = YES;
				GCC_WARN_UNUSED_VARIABLE = YES;
				IPHONEOS_DEPLOYMENT_TARGET = 9.3;
				MTL_ENABLE_DEBUG_INFO = YES;
				ONLY_ACTIVE_ARCH = YES;
				SDKROOT = iphoneos;
				TARGETED_DEVICE_FAMILY = 2;
			};
			name = Debug;
		};
		FFAE52B51D96306D007C9E11 /* Release */ = {
			isa = XCBuildConfiguration;
			buildSettings = {
				ALWAYS_SEARCH_USER_PATHS = NO;
				CLANG_ANALYZER_NONNULL = YES;
				CLANG_CXX_LANGUAGE_STANDARD = "gnu++0x";
				CLANG_CXX_LIBRARY = "libc++";
				CLANG_ENABLE_MODULES = YES;
				CLANG_ENABLE_OBJC_ARC = YES;
				CLANG_WARN_BOOL_CONVERSION = YES;
				CLANG_WARN_CONSTANT_CONVERSION = YES;
				CLANG_WARN_DIRECT_OBJC_ISA_USAGE = YES_ERROR;
				CLANG_WARN_EMPTY_BODY = YES;
				CLANG_WARN_ENUM_CONVERSION = YES;
				CLANG_WARN_INT_CONVERSION = YES;
				CLANG_WARN_OBJC_ROOT_CLASS = YES_ERROR;
				CLANG_WARN_UNREACHABLE_CODE = YES;
				CLANG_WARN__DUPLICATE_METHOD_MATCH = YES;
				"CODE_SIGN_IDENTITY[sdk=iphoneos*]" = "iPhone Developer";
				COPY_PHASE_STRIP = NO;
				DEBUG_INFORMATION_FORMAT = "dwarf-with-dsym";
				ENABLE_NS_ASSERTIONS = NO;
				ENABLE_STRICT_OBJC_MSGSEND = YES;
				GCC_C_LANGUAGE_STANDARD = gnu99;
				GCC_NO_COMMON_BLOCKS = YES;
				GCC_WARN_64_TO_32_BIT_CONVERSION = YES;
				GCC_WARN_ABOUT_RETURN_TYPE = YES_ERROR;
				GCC_WARN_UNDECLARED_SELECTOR = YES;
				GCC_WARN_UNINITIALIZED_AUTOS = YES_AGGRESSIVE;
				GCC_WARN_UNUSED_FUNCTION = YES;
				GCC_WARN_UNUSED_VARIABLE = YES;
				IPHONEOS_DEPLOYMENT_TARGET = 9.3;
				MTL_ENABLE_DEBUG_INFO = NO;
				SDKROOT = iphoneos;
				TARGETED_DEVICE_FAMILY = 2;
				VALIDATE_PRODUCT = YES;
			};
			name = Release;
		};
		FFAE52B71D96306D007C9E11 /* Debug */ = {
			isa = XCBuildConfiguration;
			buildSettings = {
				ASSETCATALOG_COMPILER_APPICON_NAME = AppIcon;
				INFOPLIST_FILE = MyCamera/Info.plist;
				LD_RUNPATH_SEARCH_PATHS = "$(inherited) @executable_path/Frameworks";
				PRODUCT_BUNDLE_IDENTIFIER = com.nicecoder.MyCamera;
				PRODUCT_NAME = "$(TARGET_NAME)";
			};
			name = Debug;
		};
		FFAE52B81D96306D007C9E11 /* Release */ = {
			isa = XCBuildConfiguration;
			buildSettings = {
				ASSETCATALOG_COMPILER_APPICON_NAME = AppIcon;
				INFOPLIST_FILE = MyCamera/Info.plist;
				LD_RUNPATH_SEARCH_PATHS = "$(inherited) @executable_path/Frameworks";
				PRODUCT_BUNDLE_IDENTIFIER = com.nicecoder.MyCamera;
				PRODUCT_NAME = "$(TARGET_NAME)";
			};
			name = Release;
		};
/* End XCBuildConfiguration section */

/* Begin XCConfigurationList section */
		FFAE529A1D96306D007C9E11 /* Build configuration list for PBXProject "MyCamera" */ = {
			isa = XCConfigurationList;
			buildConfigurations = (
				FFAE52B41D96306D007C9E11 /* Debug */,
				FFAE52B51D96306D007C9E11 /* Release */,
			);
			defaultConfigurationIsVisible = 0;
			defaultConfigurationName = Release;
		};
		FFAE52B61D96306D007C9E11 /* Build configuration list for PBXNativeTarget "MyCamera" */ = {
			isa = XCConfigurationList;
			buildConfigurations = (
				FFAE52B71D96306D007C9E11 /* Debug */,
				FFAE52B81D96306D007C9E11 /* Release */,
			);
			defaultConfigurationIsVisible = 0;
		};
/* End XCConfigurationList section */
	};
	rootObject = FFAE52971D96306D007C9E11 /* Project object */;
}
